{
  "nodes": {
    "diagnose": {
      "flake": false,
      "locked": {
        "lastModified": 1685332124,
        "narHash": "sha256-RqwnKus+Xga5nnV1g0lCQfqRg8zbN/IcDBZ+Sb1Bocs=",
        "owner": "knightzmc",
        "repo": "diagnose",
        "rev": "7e8a1fe2bc3a60fdec43e96aab2a27fa1e3eb4d5",
        "type": "github"
      },
      "original": {
        "owner": "knightzmc",
        "repo": "diagnose",
        "type": "github"
      }
    },
    "flake-parts": {
      "inputs": {
        "nixpkgs-lib": "nixpkgs-lib"
      },
      "locked": {
        "lastModified": 1685662779,
        "narHash": "sha256-cKDDciXGpMEjP1n6HlzKinN0H+oLmNpgeCTzYnsA2po=",
        "owner": "hercules-ci",
        "repo": "flake-parts",
        "rev": "71fb97f0d875fd4de4994dfb849f2c75e17eb6c3",
        "type": "github"
      },
      "original": {
        "owner": "hercules-ci",
        "repo": "flake-parts",
        "type": "github"
      }
    },
    "flake-parts_2": {
      "inputs": {
        "nixpkgs-lib": "nixpkgs-lib_2"
      },
      "locked": {
        "lastModified": 1685662779,
        "narHash": "sha256-cKDDciXGpMEjP1n6HlzKinN0H+oLmNpgeCTzYnsA2po=",
        "owner": "hercules-ci",
        "repo": "flake-parts",
        "rev": "71fb97f0d875fd4de4994dfb849f2c75e17eb6c3",
        "type": "github"
      },
      "original": {
        "owner": "hercules-ci",
        "repo": "flake-parts",
        "type": "github"
      }
    },
    "flake-root": {
      "locked": {
        "lastModified": 1680964220,
        "narHash": "sha256-dIdTYcf+KW9a4pKHsEbddvLVSfR1yiAJynzg2x0nfWg=",
        "owner": "srid",
        "repo": "flake-root",
        "rev": "f1c0b93d05bdbea6c011136ba1a135c80c5b326c",
        "type": "github"
      },
      "original": {
        "owner": "srid",
        "repo": "flake-root",
        "type": "github"
      }
    },
    "flake-root_2": {
      "locked": {
        "lastModified": 1680964220,
        "narHash": "sha256-dIdTYcf+KW9a4pKHsEbddvLVSfR1yiAJynzg2x0nfWg=",
        "owner": "srid",
        "repo": "flake-root",
        "rev": "f1c0b93d05bdbea6c011136ba1a135c80c5b326c",
        "type": "github"
      },
      "original": {
        "owner": "srid",
        "repo": "flake-root",
        "type": "github"
      }
    },
    "h2jvm": {
      "inputs": {
        "flake-parts": "flake-parts_2",
        "flake-root": "flake-root_2",
        "haskell-flake": "haskell-flake",
        "mission-control": "mission-control",
        "nixpkgs": "nixpkgs",
        "systems": "systems",
        "treefmt-nix": "treefmt-nix"
      },
      "locked": {
        "lastModified": 1685751239,
        "narHash": "sha256-xKGVth8j3u/DfVPdPmyAni7tQTmjZk1Xsdpb46jEAdg=",
        "owner": "ElaraLang",
        "repo": "h2jvm",
        "rev": "3e4ef05139317ea2a035099aad99283b1c35f397",
        "type": "github"
      },
      "original": {
        "owner": "ElaraLang",
        "repo": "h2jvm",
        "type": "github"
      }
    },
    "haskell-flake": {
      "locked": {
        "lastModified": 1685727978,
        "narHash": "sha256-kSDetNgDoaIFO11vAyJXaO9Eh3iGhpZbve6AKib7ctw=",
        "owner": "srid",
        "repo": "haskell-flake",
        "rev": "1f0a5ee4f69b0740ad6eb93cd0b4fb4265f7f6b6",
        "type": "github"
      },
      "original": {
        "owner": "srid",
        "repo": "haskell-flake",
        "type": "github"
      }
    },
    "haskell-flake_2": {
      "locked": {
        "lastModified": 1685727978,
        "narHash": "sha256-kSDetNgDoaIFO11vAyJXaO9Eh3iGhpZbve6AKib7ctw=",
        "owner": "srid",
        "repo": "haskell-flake",
        "rev": "1f0a5ee4f69b0740ad6eb93cd0b4fb4265f7f6b6",
        "type": "github"
      },
      "original": {
        "owner": "srid",
        "repo": "haskell-flake",
        "type": "github"
      }
    },
    "mission-control": {
      "locked": {
        "lastModified": 1683658484,
        "narHash": "sha256-JkGnWyYZxOnyOhztrxLSqaod6+O/3rRypq0dAqA/zn0=",
        "owner": "Platonic-Systems",
        "repo": "mission-control",
        "rev": "a0c93bd764a3c25e6999397e9f5f119c1b124e38",
        "type": "github"
      },
      "original": {
        "owner": "Platonic-Systems",
        "repo": "mission-control",
        "type": "github"
      }
    },
    "mission-control_2": {
      "locked": {
        "lastModified": 1683658484,
        "narHash": "sha256-JkGnWyYZxOnyOhztrxLSqaod6+O/3rRypq0dAqA/zn0=",
        "owner": "Platonic-Systems",
        "repo": "mission-control",
        "rev": "a0c93bd764a3c25e6999397e9f5f119c1b124e38",
        "type": "github"
      },
      "original": {
        "owner": "Platonic-Systems",
        "repo": "mission-control",
        "type": "github"
      }
    },
    "nixpkgs": {
      "locked": {
        "lastModified": 1685677062,
        "narHash": "sha256-zoHF7+HNwNwne2XEomphbdc4Y8tdWT16EUxUTXpOKpQ=",
        "owner": "nixos",
        "repo": "nixpkgs",
        "rev": "95be94370d09f97f6af6a1df1eb9649b5260724e",
        "type": "github"
      },
      "original": {
        "owner": "nixos",
        "ref": "nixpkgs-unstable",
        "repo": "nixpkgs",
        "type": "github"
      }
    },
    "nixpkgs-lib": {
      "locked": {
        "dir": "lib",
        "lastModified": 1685564631,
        "narHash": "sha256-8ywr3AkblY4++3lIVxmrWZFzac7+f32ZEhH/A8pNscI=",
        "owner": "NixOS",
        "repo": "nixpkgs",
        "rev": "4f53efe34b3a8877ac923b9350c874e3dcd5dc0a",
        "type": "github"
      },
      "original": {
        "dir": "lib",
        "owner": "NixOS",
        "ref": "nixos-unstable",
        "repo": "nixpkgs",
        "type": "github"
      }
    },
    "nixpkgs-lib_2": {
      "locked": {
        "dir": "lib",
        "lastModified": 1685564631,
        "narHash": "sha256-8ywr3AkblY4++3lIVxmrWZFzac7+f32ZEhH/A8pNscI=",
        "owner": "NixOS",
        "repo": "nixpkgs",
        "rev": "4f53efe34b3a8877ac923b9350c874e3dcd5dc0a",
        "type": "github"
      },
      "original": {
        "dir": "lib",
        "owner": "NixOS",
        "ref": "nixos-unstable",
        "repo": "nixpkgs",
        "type": "github"
      }
    },
    "nixpkgs_2": {
      "locked": {
        "lastModified": 1685677062,
        "narHash": "sha256-zoHF7+HNwNwne2XEomphbdc4Y8tdWT16EUxUTXpOKpQ=",
        "owner": "nixos",
        "repo": "nixpkgs",
        "rev": "95be94370d09f97f6af6a1df1eb9649b5260724e",
        "type": "github"
      },
      "original": {
        "owner": "nixos",
        "ref": "nixpkgs-unstable",
        "repo": "nixpkgs",
        "type": "github"
      }
    },
    "root": {
      "inputs": {
        "diagnose": "diagnose",
        "flake-parts": "flake-parts",
        "flake-root": "flake-root",
        "h2jvm": "h2jvm",
        "haskell-flake": "haskell-flake_2",
        "mission-control": "mission-control_2",
        "nixpkgs": "nixpkgs_2",
        "systems": "systems_2",
        "treefmt-nix": "treefmt-nix_2"
      }
    },
    "systems": {
      "locked": {
        "lastModified": 1681028828,
        "narHash": "sha256-Vy1rq5AaRuLzOxct8nz4T6wlgyUR7zLU309k9mBC768=",
        "owner": "nix-systems",
        "repo": "default",
        "rev": "da67096a3b9bf56a91d16901293e51ba5b49a27e",
        "type": "github"
      },
      "original": {
        "owner": "nix-systems",
        "repo": "default",
        "type": "github"
      }
    },
    "systems_2": {
      "locked": {
        "lastModified": 1681028828,
        "narHash": "sha256-Vy1rq5AaRuLzOxct8nz4T6wlgyUR7zLU309k9mBC768=",
        "owner": "nix-systems",
        "repo": "default",
        "rev": "da67096a3b9bf56a91d16901293e51ba5b49a27e",
        "type": "github"
      },
      "original": {
        "owner": "nix-systems",
        "repo": "default",
        "type": "github"
      }
    },
    "treefmt-nix": {
      "inputs": {
        "nixpkgs": [
          "h2jvm",
          "nixpkgs"
        ]
      },
      "locked": {
        "lastModified": 1685519364,
        "narHash": "sha256-rE9c9jWDSc5Nj0OjNzBENaJ6j4YBphcqSPia2IwCMLA=",
        "owner": "numtide",
        "repo": "treefmt-nix",
        "rev": "6521a278bcba66b440554cc1350403594367b4ac",
        "type": "github"
      },
      "original": {
        "owner": "numtide",
        "repo": "treefmt-nix",
        "type": "github"
      }
    },
    "treefmt-nix_2": {
      "inputs": {
        "nixpkgs": [
          "nixpkgs"
        ]
      },
      "locked": {
        "lastModified": 1685519364,
        "narHash": "sha256-rE9c9jWDSc5Nj0OjNzBENaJ6j4YBphcqSPia2IwCMLA=",
        "owner": "numtide",
        "repo": "treefmt-nix",
        "rev": "6521a278bcba66b440554cc1350403594367b4ac",
        "type": "github"
      },
      "original": {
        "owner": "numtide",
        "repo": "treefmt-nix",
        "type": "github"
      }
    }
  },
  "root": "root",
  "version": 7
}
