{
  "nodes": {
    "dependent-hashmap": {
      "flake": false,
      "locked": {
        "lastModified": 1756831549,
        "narHash": "sha256-6FKZUcU+Q8C9frrW6GrxQaJtDhH9H9AH7LlK8RuMIwY=",
        "owner": "ElaraLang",
        "repo": "dependent-hashmap",
        "rev": "15bda8878b0b63f8f295be56037816e5a5551b81",
        "type": "github"
      },
      "original": {
        "owner": "ElaraLang",
        "repo": "dependent-hashmap",
        "type": "github"
      }
    },
    "diagnose": {
      "flake": false,
      "locked": {
        "lastModified": 1732210354,
        "narHash": "sha256-sDRkSs/sxHjbkXVBsinKMJvJWMnyE648JcvNK94pvt8=",
        "owner": "bristermitten",
        "repo": "diagnose",
        "rev": "3dac026c9663f041d0e5df77b73053ff5627af4b",
        "type": "github"
      },
      "original": {
        "owner": "bristermitten",
        "repo": "diagnose",
        "type": "github"
      }
    },
    "flake-compat": {
      "flake": false,
      "locked": {
        "lastModified": 1761588595,
        "narHash": "sha256-XKUZz9zewJNUj46b4AJdiRZJAvSZ0Dqj2BNfXvFlJC4=",
        "owner": "edolstra",
        "repo": "flake-compat",
        "rev": "f387cd2afec9419c8ee37694406ca490c3f34ee5",
        "type": "github"
      },
      "original": {
        "owner": "edolstra",
        "repo": "flake-compat",
        "type": "github"
      }
    },
    "flake-parts": {
      "inputs": {
        "nixpkgs-lib": "nixpkgs-lib"
      },
      "locked": {
        "lastModified": 1765835352,
        "narHash": "sha256-XswHlK/Qtjasvhd1nOa1e8MgZ8GS//jBoTqWtrS1Giw=",
        "owner": "hercules-ci",
        "repo": "flake-parts",
        "rev": "a34fae9c08a15ad73f295041fec82323541400a9",
        "type": "github"
      },
      "original": {
        "owner": "hercules-ci",
        "repo": "flake-parts",
        "type": "github"
      }
    },
    "git-hooks-nix": {
      "inputs": {
        "flake-compat": "flake-compat",
        "gitignore": "gitignore",
        "nixpkgs": "nixpkgs"
      },
      "locked": {
        "lastModified": 1765911976,
        "narHash": "sha256-t3T/xm8zstHRLx+pIHxVpQTiySbKqcQbK+r+01XVKc0=",
        "owner": "cachix",
        "repo": "pre-commit-hooks.nix",
        "rev": "b68b780b69702a090c8bb1b973bab13756cc7a27",
        "type": "github"
      },
      "original": {
        "owner": "cachix",
        "repo": "pre-commit-hooks.nix",
        "type": "github"
      }
    },
    "gitignore": {
      "inputs": {
        "nixpkgs": [
          "git-hooks-nix",
          "nixpkgs"
        ]
      },
      "locked": {
        "lastModified": 1709087332,
        "narHash": "sha256-HG2cCnktfHsKV0s4XW83gU3F57gaTljL9KNSuG6bnQs=",
        "owner": "hercules-ci",
        "repo": "gitignore.nix",
        "rev": "637db329424fd7e46cf4185293b9cc8c88c95394",
        "type": "github"
      },
      "original": {
        "owner": "hercules-ci",
        "repo": "gitignore.nix",
        "type": "github"
      }
    },
    "h2jvm": {
      "inputs": {
        "hix": "hix",
        "nixpkgs": "nixpkgs_2"
      },
      "locked": {
        "lastModified": 1767446562,
        "narHash": "sha256-I1+lJHYuyxp4T3uheaxzHjCA1wN8FN3ESRueSkOGADI=",
        "ref": "refs/heads/master",
        "rev": "ba3ffc8e05779820153bd38225187158fc90d2b7",
        "revCount": 242,
        "type": "git",
        "url": "file:///Users/alex/workspace/h2jvm/"
      },
      "original": {
        "type": "git",
        "url": "file:///Users/alex/workspace/h2jvm/"
      }
    },
    "hix": {
      "inputs": {
        "nixpkgs": [
          "h2jvm",
          "nixpkgs"
        ]
      },
      "locked": {
        "lastModified": 1745095131,
        "narHash": "sha256-8wujZRs1pMKXsy8irnF6yzjZAIQ0oUmVLPVrfGJKZ+s=",
        "owner": "tek",
        "repo": "hix",
        "rev": "b70d5e8c34a1cba0cf0b69988fe8df01eb626b50",
        "type": "github"
      },
      "original": {
        "owner": "tek",
        "ref": "0.9.1",
        "repo": "hix",
        "type": "github"
      }
    },
    "hix_2": {
      "inputs": {
        "nixpkgs": [
          "nixpkgs"
        ]
      },
      "locked": {
        "lastModified": 1745095131,
        "narHash": "sha256-8wujZRs1pMKXsy8irnF6yzjZAIQ0oUmVLPVrfGJKZ+s=",
        "owner": "tek",
        "repo": "hix",
        "rev": "b70d5e8c34a1cba0cf0b69988fe8df01eb626b50",
        "type": "github"
      },
      "original": {
        "owner": "tek",
        "ref": "0.9.1",
        "repo": "hix",
        "type": "github"
      }
    },
    "nixpkgs": {
      "locked": {
        "lastModified": 1764947035,
        "narHash": "sha256-EYHSjVM4Ox4lvCXUMiKKs2vETUSL5mx+J2FfutM7T9w=",
        "owner": "NixOS",
        "repo": "nixpkgs",
        "rev": "a672be65651c80d3f592a89b3945466584a22069",
        "type": "github"
      },
      "original": {
        "owner": "NixOS",
        "ref": "nixpkgs-unstable",
        "repo": "nixpkgs",
        "type": "github"
      }
    },
    "nixpkgs-lib": {
      "locked": {
        "lastModified": 1765674936,
        "narHash": "sha256-k00uTP4JNfmejrCLJOwdObYC9jHRrr/5M/a/8L2EIdo=",
        "owner": "nix-community",
        "repo": "nixpkgs.lib",
        "rev": "2075416fcb47225d9b68ac469a5c4801a9c4dd85",
        "type": "github"
      },
      "original": {
        "owner": "nix-community",
        "repo": "nixpkgs.lib",
        "type": "github"
      }
    },
    "nixpkgs_2": {
      "locked": {
        "lastModified": 1767026758,
        "narHash": "sha256-7fsac/f7nh/VaKJ/qm3I338+wAJa/3J57cOGpXi0Sbg=",
        "owner": "nixos",
        "repo": "nixpkgs",
        "rev": "346dd96ad74dc4457a9db9de4f4f57dab2e5731d",
        "type": "github"
      },
      "original": {
        "owner": "nixos",
        "ref": "nixpkgs-unstable",
        "repo": "nixpkgs",
        "type": "github"
      }
    },
    "nixpkgs_3": {
      "locked": {
        "lastModified": 1767026758,
        "narHash": "sha256-7fsac/f7nh/VaKJ/qm3I338+wAJa/3J57cOGpXi0Sbg=",
        "owner": "nixos",
        "repo": "nixpkgs",
        "rev": "346dd96ad74dc4457a9db9de4f4f57dab2e5731d",
        "type": "github"
      },
      "original": {
        "owner": "nixos",
        "ref": "nixpkgs-unstable",
        "repo": "nixpkgs",
        "type": "github"
      }
    },
    "nixpkgs_4": {
      "locked": {
        "lastModified": 1761236834,
        "narHash": "sha256-+pthv6hrL5VLW2UqPdISGuLiUZ6SnAXdd2DdUE+fV2Q=",
        "owner": "nixos",
        "repo": "nixpkgs",
        "rev": "d5faa84122bc0a1fd5d378492efce4e289f8eac1",
        "type": "github"
      },
      "original": {
        "owner": "nixos",
        "ref": "nixpkgs-unstable",
        "repo": "nixpkgs",
        "type": "github"
      }
    },
    "root": {
      "inputs": {
        "dependent-hashmap": "dependent-hashmap",
        "diagnose": "diagnose",
        "flake-parts": "flake-parts",
        "git-hooks-nix": "git-hooks-nix",
        "h2jvm": "h2jvm",
        "hix": "hix_2",
        "nixpkgs": "nixpkgs_3",
        "systems": "systems",
        "treefmt-nix": "treefmt-nix"
      }
    },
    "systems": {
      "locked": {
        "lastModified": 1681028828,
        "narHash": "sha256-Vy1rq5AaRuLzOxct8nz4T6wlgyUR7zLU309k9mBC768=",
        "owner": "nix-systems",
        "repo": "default",
        "rev": "da67096a3b9bf56a91d16901293e51ba5b49a27e",
        "type": "github"
      },
      "original": {
        "owner": "nix-systems",
        "repo": "default",
        "type": "github"
      }
    },
    "treefmt-nix": {
      "inputs": {
        "nixpkgs": "nixpkgs_4"
      },
      "locked": {
        "lastModified": 1767122417,
        "narHash": "sha256-yOt/FTB7oSEKQH9EZMFMeuldK1HGpQs2eAzdS9hNS/o=",
        "owner": "numtide",
        "repo": "treefmt-nix",
        "rev": "dec15f37015ac2e774c84d0952d57fcdf169b54d",
        "type": "github"
      },
      "original": {
        "owner": "numtide",
        "repo": "treefmt-nix",
        "type": "github"
      }
    }
  },
  "root": "root",
  "version": 7
}
