# This file was autogenerated by Stack.
# You should not edit this file by hand.
# For more information, please see the documentation at:
#   https://docs.haskellstack.org/en/stable/lock_files

packages:
- completed:
    hackage: bimap-0.5.0@sha256:aba506d02a1c93fc2b50dcbe728d2a4d07cca89b7033945418061a0b08576ebd,1889
    pantry-tree:
      size: 470
      sha256: 285f5e86640f4bef3b7a60991defb8dd4b3714f8c294495d1136da182c1315a3
  original:
    hackage: bimap-0.5.0@sha256:aba506d02a1c93fc2b50dcbe728d2a4d07cca89b7033945418061a0b08576ebd,1889
- completed:
    hackage: hspec-2.10.0@sha256:2d1dc53e361998f002497b7222fdb700cc540b2aaf880e2619a0b5d54abb74e5,1712
    pantry-tree:
      size: 583
      sha256: 5d8a184b89267523718e22cc4ded4c980d08af7aa4b53ec027822d0cf5065756
  original:
    hackage: hspec-2.10.0@sha256:2d1dc53e361998f002497b7222fdb700cc540b2aaf880e2619a0b5d54abb74e5,1712
- completed:
    hackage: megaparsec-9.2.1@sha256:0b709575e3440a7bc07ef3f57ada765c1808151d56103d9fe42f6faa9763fe2e,3220
    pantry-tree:
      size: 1518
      sha256: 5ed212b347221e94e502a123d04e4aaf926e58b3476f76f149f1eb01885cecce
  original:
    hackage: megaparsec-9.2.1@sha256:0b709575e3440a7bc07ef3f57ada765c1808151d56103d9fe42f6faa9763fe2e,3220
- completed:
    hackage: parser-combinators-1.3.0@sha256:edd54ba56cbae8fadbcceebcfef31b2c70a835e92e5eda41151b939c40647281,1570
    pantry-tree:
      size: 795
      sha256: 0754c8d3f213156877f8085da2ad74433167a6c30272b8b64119a2628bd7ade0
  original:
    hackage: parser-combinators-1.3.0@sha256:edd54ba56cbae8fadbcceebcfef31b2c70a835e92e5eda41151b939c40647281,1570
- completed:
    hackage: pretty-simple-4.1.0.0@sha256:2e64bc4de394d88283d259c66931a69d8bcddd50632cf4b4c76a893b1402903f,4113
    pantry-tree:
      size: 1229
      sha256: f4cdacebd7469e04069f5ac8c5a788de2598a48ad0e82bd329addc9f8c41e233
  original:
    hackage: pretty-simple-4.1.0.0@sha256:2e64bc4de394d88283d259c66931a69d8bcddd50632cf4b4c76a893b1402903f,4113
- completed:
    hackage: utf8-string-1.0.2@sha256:79416292186feeaf1f60e49ac5a1ffae9bf1b120e040a74bf0e81ca7f1d31d3f,1538
    pantry-tree:
      size: 601
      sha256: 0863c3c9b6ee24dd38873c62e38ac46dd50aff2ea6b362beadf7f9b4a273c75f
  original:
    hackage: utf8-string-1.0.2@sha256:79416292186feeaf1f60e49ac5a1ffae9bf1b120e040a74bf0e81ca7f1d31d3f,1538
- completed:
    hackage: vector-0.12.3.1@sha256:fffbd00912d69ed7be9bc7eeb09f4f475e0d243ec43f916a9fd5bbd219ce7f3e,8238
    pantry-tree:
      size: 3842
      sha256: 0537bb4fc4d6aba4ba970cf4aa82feda0227441a6b60ceb4a5b5c8618837f248
  original:
    hackage: vector-0.12.3.1@sha256:fffbd00912d69ed7be9bc7eeb09f4f475e0d243ec43f916a9fd5bbd219ce7f3e,8238
- completed:
    hackage: QuickCheck-2.14.2@sha256:4ce29211223d5e6620ebceba34a3ca9ccf1c10c0cf387d48aea45599222ee5aa,7736
    pantry-tree:
      size: 2315
      sha256: 2fe423d0ed7cd64f0f165d708779f48814e66c4f181c568468134af55d86a5f8
  original:
    hackage: QuickCheck-2.14.2@sha256:4ce29211223d5e6620ebceba34a3ca9ccf1c10c0cf387d48aea45599222ee5aa,7736
- completed:
    hackage: cabal-doctest-1.0.9@sha256:ad465439405287582adfd0f80d1b2ae87307c2626c3cf0a58effef88ff808937,1501
    pantry-tree:
      size: 334
      sha256: 6f3c2e83f91bde71a9ea9c3e8835e8a44958d0792c62f81cefaf1921a978b919
  original:
    hackage: cabal-doctest-1.0.9@sha256:ad465439405287582adfd0f80d1b2ae87307c2626c3cf0a58effef88ff808937,1501
- completed:
    hackage: case-insensitive-1.2.1.0@sha256:9dfd3171fc7698cf8d931727d3af3a7b389135b583e46b5adac1f9d2026fff61,2244
    pantry-tree:
      size: 688
      sha256: d6f175b17eacce002fc5336c17e119d989bd97f8ad9702446163c9e27c7c79b7
  original:
    hackage: case-insensitive-1.2.1.0@sha256:9dfd3171fc7698cf8d931727d3af3a7b389135b583e46b5adac1f9d2026fff61,2244
- completed:
    hackage: hspec-core-2.10.0@sha256:a5d7d3e7bbcf42e8def370d86ab08252821be6fb9d00dddb3c484973d7a6e801,6617
    pantry-tree:
      size: 5819
      sha256: 72f031ce92daeeb12c36566389cef84fd2a61866a067fe1147d8b537868220aa
  original:
    hackage: hspec-core-2.10.0@sha256:a5d7d3e7bbcf42e8def370d86ab08252821be6fb9d00dddb3c484973d7a6e801,6617
- completed:
    hackage: hspec-discover-2.10.0@sha256:517d0892217539969c199f9cc30065db7bcd68ff5512095e4f94ff8ef35d1313,2166
    pantry-tree:
      size: 828
      sha256: 5e31c43b5c1477987d7321456b3dc69ce0b8f35312c5ea516702f91be42b20ca
  original:
    hackage: hspec-discover-2.10.0@sha256:517d0892217539969c199f9cc30065db7bcd68ff5512095e4f94ff8ef35d1313,2166
- completed:
    hackage: hspec-expectations-0.8.2@sha256:e2db24881baadc2d9d23b03cb629e80dcbda89a6b04ace9adb5f4d02ef8b31aa,1594
    pantry-tree:
      size: 602
      sha256: cba2c119c85cf68a18d35cccb365d032359442c82ceb93b295020609712d791f
  original:
    hackage: hspec-expectations-0.8.2@sha256:e2db24881baadc2d9d23b03cb629e80dcbda89a6b04ace9adb5f4d02ef8b31aa,1594
- completed:
    hackage: optparse-applicative-0.17.0.0@sha256:0713e54cbb341e5cae979e2ac441eb3a5ff42e303001f432bd58c19e5638bdda,4967
    pantry-tree:
      size: 3124
      sha256: 3b4398845ee6718fe2303870a5ab75bd190eb712fed2f22caaae30f790c490fd
  original:
    hackage: optparse-applicative-0.17.0.0@sha256:0713e54cbb341e5cae979e2ac441eb3a5ff42e303001f432bd58c19e5638bdda,4967
- completed:
    hackage: prettyprinter-1.7.1@sha256:9c43c9d8c3cd9f445596e5a2379574bba87f935a4d1fa41b5407ee3cf4edc743,6987
    pantry-tree:
      size: 3460
      sha256: cd6f393bf7cba603a1958a139915fc343efd5488e36fd7b3b5c6956c002d04fa
  original:
    hackage: prettyprinter-1.7.1@sha256:9c43c9d8c3cd9f445596e5a2379574bba87f935a4d1fa41b5407ee3cf4edc743,6987
- completed:
    hackage: prettyprinter-ansi-terminal-1.1.3@sha256:b00f727b964cf13adff7acf575a71fa7e405f5240aff50b07f10df76ab89f8d3,2574
    pantry-tree:
      size: 820
      sha256: b5d276267049502c72fdcd2f1d84c15b3598160d61de0482a2e5bb62c40bd4ea
  original:
    hackage: prettyprinter-ansi-terminal-1.1.3@sha256:b00f727b964cf13adff7acf575a71fa7e405f5240aff50b07f10df76ab89f8d3,2574
- completed:
    hackage: primitive-0.7.4.0@sha256:89b88a3e08493b7727fa4089b0692bfbdf7e1e666ef54635f458644eb8358764,2857
    pantry-tree:
      size: 1655
      sha256: 71a850c658b70e869da19f61615d87d9d6ecec597f0e3d4b498da56559114829
  original:
    hackage: primitive-0.7.4.0@sha256:89b88a3e08493b7727fa4089b0692bfbdf7e1e666ef54635f458644eb8358764,2857
- completed:
    hackage: scientific-0.3.7.0@sha256:76465a82beb2af6ea83ebd00684acc0ffe659e7da7066329931dc8f02fc97507,4826
    pantry-tree:
      size: 657
      sha256: 2e5436cd8a2d2fa045aadc7619aa06cf18f4f77d01b70d8c517213b718b69a2b
  original:
    hackage: scientific-0.3.7.0@sha256:76465a82beb2af6ea83ebd00684acc0ffe659e7da7066329931dc8f02fc97507,4826
- completed:
    hackage: HUnit-1.6.2.0@sha256:1a79174e8af616117ad39464cac9de205ca923da6582825e97c10786fda933a4,1588
    pantry-tree:
      size: 878
      sha256: 4f20a5a33866171260d0ee1e256c27f53cc84d37a68d498c3e12347f4e3d05b4
  original:
    hackage: HUnit-1.6.2.0@sha256:1a79174e8af616117ad39464cac9de205ca923da6582825e97c10786fda933a4,1588
- completed:
    hackage: ansi-terminal-0.11.3@sha256:cc499d5f4c09a7213cd752ee69dbb5a5b8f3d1c777274e609eea4bca5c68ac8c,3321
    pantry-tree:
      size: 1461
      sha256: 71d732f3f95c8ddcebaa7645ff743dd91e680b5b5063e8707ef53d2eaf94c94e
  original:
    hackage: ansi-terminal-0.11.3@sha256:cc499d5f4c09a7213cd752ee69dbb5a5b8f3d1c777274e609eea4bca5c68ac8c,3321
- completed:
    hackage: ansi-wl-pprint-0.6.9@sha256:212144ea0623b1170807a4162db05d87f26cf10b334aeadd0edb377aba06a1ce,2425
    pantry-tree:
      size: 472
      sha256: 0a2390ba39c3b84f68e382cb25b58cea66d61a89dab818bb5e2a6c12642e2e21
  original:
    hackage: ansi-wl-pprint-0.6.9@sha256:212144ea0623b1170807a4162db05d87f26cf10b334aeadd0edb377aba06a1ce,2425
- completed:
    hackage: call-stack-0.4.0@sha256:ac44d2c00931dc20b01750da8c92ec443eb63a7231e8550188cb2ac2385f7feb,1200
    pantry-tree:
      size: 501
      sha256: 04134fa69cdd824b4e4bb7f77e7173e0705f27deabdbbf99549c549400191e1e
  original:
    hackage: call-stack-0.4.0@sha256:ac44d2c00931dc20b01750da8c92ec443eb63a7231e8550188cb2ac2385f7feb,1200
- completed:
    hackage: clock-0.8.3@sha256:a692159828c2cd278eaec317b3a7e9fb6d7b787c8a19f086004d15d9fa1fd72c,4601
    pantry-tree:
      size: 499
      sha256: 3e62393d5c7671b21d8aa84ef9ee0550334053711c80b5beeca295466a6615c7
  original:
    hackage: clock-0.8.3@sha256:a692159828c2cd278eaec317b3a7e9fb6d7b787c8a19f086004d15d9fa1fd72c,4601
- completed:
    hackage: hashable-1.4.0.2@sha256:0cddd0229d1aac305ea0404409c0bbfab81f075817bd74b8b2929eff58333e55,5005
    pantry-tree:
      size: 1248
      sha256: 51dda0aa70849588d074125f324beba1c8736cfa486e7f4a90a798b1d0e6019d
  original:
    hackage: hashable-1.4.0.2@sha256:0cddd0229d1aac305ea0404409c0bbfab81f075817bd74b8b2929eff58333e55,5005
- completed:
    hackage: integer-logarithms-1.0.3.1@sha256:b65e11ec6f4b29c5278716da0544b951a49ab5310608df0fc41eec29f15691d9,3229
    pantry-tree:
      size: 865
      sha256: 804c8c0d77470f84640ee70c66155f770798e295c0a0572e41d071f69e24ca4e
  original:
    hackage: integer-logarithms-1.0.3.1@sha256:b65e11ec6f4b29c5278716da0544b951a49ab5310608df0fc41eec29f15691d9,3229
- completed:
    hackage: quickcheck-io-0.2.0@sha256:7bf0b68fb90873825eb2e5e958c1b76126dcf984debb998e81673e6d837e0b2d,1133
    pantry-tree:
      size: 223
      sha256: afaa27fbf8b35aa7ce174abd9c59a84a12fd7f3d08300c3280b22c1d204f11ca
  original:
    hackage: quickcheck-io-0.2.0@sha256:7bf0b68fb90873825eb2e5e958c1b76126dcf984debb998e81673e6d837e0b2d,1133
- completed:
    hackage: random-1.2.1.1@sha256:dea1f11e5569332dc6c8efaad1cb301016a5587b6754943a49f9de08ae0e56d9,6541
    pantry-tree:
      size: 1528
      sha256: 646ee77fe01178837ee928b61ae8653dcf190e9b5353ebebd094079c77a18b76
  original:
    hackage: random-1.2.1.1@sha256:dea1f11e5569332dc6c8efaad1cb301016a5587b6754943a49f9de08ae0e56d9,6541
- completed:
    hackage: setenv-0.1.1.3@sha256:c5916ac0d2a828473cd171261328a290afe0abd799db1ac8c310682fe778c45b,1053
    pantry-tree:
      size: 212
      sha256: 9a071cf2552e6881cd3ac0ce81252d5b96ac7f42cae517d973ea167e3d503265
  original:
    hackage: setenv-0.1.1.3@sha256:c5916ac0d2a828473cd171261328a290afe0abd799db1ac8c310682fe778c45b,1053
- completed:
    hackage: splitmix-0.1.0.4@sha256:714a55fd28d3e2533bd5b49e74f604ef8e5d7b06f249c8816f6c54aed431dcf1,6483
    pantry-tree:
      size: 1519
      sha256: 79f4645c11b7a3861db0b596297f72804f509444d639a8fd7c0162b1ed80c578
  original:
    hackage: splitmix-0.1.0.4@sha256:714a55fd28d3e2533bd5b49e74f604ef8e5d7b06f249c8816f6c54aed431dcf1,6483
- completed:
    hackage: tf-random-0.5@sha256:14012837d0f0e18fdbbe3d56e67da8622ee5e20b180abce952dd50bd9f36b326,3983
    pantry-tree:
      size: 941
      sha256: d6483580cfea846cbf23ff1d7a67849546d5096425b6d61318a34554043b4ffb
  original:
    hackage: tf-random-0.5@sha256:14012837d0f0e18fdbbe3d56e67da8622ee5e20b180abce952dd50bd9f36b326,3983
- completed:
    hackage: transformers-compat-0.7.1@sha256:873ef500790cae136d14b2e890da1fe4df963e372f21b1671fa3c6cdfb23b10f,5807
    pantry-tree:
      size: 1724
      sha256: e55fbafc570488d3303ed79c7e3e74413dabbbe4a9d860d1958e5a1b27930079
  original:
    hackage: transformers-compat-0.7.1@sha256:873ef500790cae136d14b2e890da1fe4df963e372f21b1671fa3c6cdfb23b10f,5807
- completed:
    hackage: colour-2.3.6@sha256:ebdcbf15023958838a527e381ab3c3b1e99ed12d1b25efeb7feaa4ad8c37664a,2378
    pantry-tree:
      size: 1183
      sha256: 03f8e22f364deb86098dbfbe0bf83c896437b2355f139abdac0402658fb6ac7e
  original:
    hackage: colour-2.3.6@sha256:ebdcbf15023958838a527e381ab3c3b1e99ed12d1b25efeb7feaa4ad8c37664a,2378
- completed:
    hackage: parsers-0.12.11@sha256:6066bcf703a53f1ffaf4709a4610663edee1b48a95a5124217c779b66d243a4b,3393
    pantry-tree:
      size: 935
      sha256: 795fb5c0dc0d7cf1640490f8fed376ad4d6686f5da343c17387a595de174337e
  original:
    hackage: parsers-0.12.11@sha256:6066bcf703a53f1ffaf4709a4610663edee1b48a95a5124217c779b66d243a4b,3393
- completed:
    hackage: attoparsec-0.14.4@sha256:79584bdada8b730cb5138fca8c35c76fbef75fc1d1e01e6b1d815a5ee9843191,5810
    pantry-tree:
      size: 5039
      sha256: 5b8e087f73d334019252606b1f64b986cef61946a085ccb77c6bc4d038691c48
  original:
    hackage: attoparsec-0.14.4@sha256:79584bdada8b730cb5138fca8c35c76fbef75fc1d1e01e6b1d815a5ee9843191,5810
- completed:
    hackage: base-orphans-0.8.6@sha256:eb6758d0160d607e0c45dbd6b196f515b9a589fd4f6d2f926929dd5d56282d37,3175
    pantry-tree:
      size: 1272
      sha256: f889d6903383305688e6e703982bfdc985649b7d4538429e44f98f99d8f73c07
  original:
    hackage: base-orphans-0.8.6@sha256:eb6758d0160d607e0c45dbd6b196f515b9a589fd4f6d2f926929dd5d56282d37,3175
- completed:
    hackage: charset-0.3.9@sha256:6f785e4444f07accd1a45a30a412cb1dce36f5b31a243345cbb9c3cf51ff4a94,1659
    pantry-tree:
      size: 893
      sha256: 30ff308927e557c525f7ae4be75a17ed079b16c2297feb2597efbf20f2e041a8
  original:
    hackage: charset-0.3.9@sha256:6f785e4444f07accd1a45a30a412cb1dce36f5b31a243345cbb9c3cf51ff4a94,1659
- completed:
    hackage: unordered-containers-0.2.19.1@sha256:7d43e557b32a30eeac22e68b8430384bf829b0b2313761026a7f103395b047d5,3638
    pantry-tree:
      size: 1517
      sha256: 1870de393820b94af9efb8fcdd31940543569cdcd3d13296bc224438b2b107d8
  original:
    hackage: unordered-containers-0.2.19.1@sha256:7d43e557b32a30eeac22e68b8430384bf829b0b2313761026a7f103395b047d5,3638
- completed:
    hackage: generic-data-0.9.2.1@sha256:ce1a44b696eafe69424f55aab777af747d0633cd0ff51b3966e35830da1cfea8,3893
    pantry-tree:
      size: 2218
      sha256: 8be4ff40474ac41e73ea9b90b72ff9bac786b5ea95354cbf516dc3f67ad155e1
  original:
    hackage: generic-data-0.9.2.1@sha256:ce1a44b696eafe69424f55aab777af747d0633cd0ff51b3966e35830da1cfea8,3893
- completed:
    hackage: ap-normalize-0.1.0.1@sha256:85f9f0839de0c593d9ef00fff0d96070f4767c3bdb5926b06ab0ea6ed1573c6c,1321
    pantry-tree:
      size: 554
      sha256: b70dfdd806b022cb12dd39958292327ac379f028181cfadf3ab7dd29a52a0ebf
  original:
    hackage: ap-normalize-0.1.0.1@sha256:85f9f0839de0c593d9ef00fff0d96070f4767c3bdb5926b06ab0ea6ed1573c6c,1321
- completed:
    hackage: contravariant-1.5.5@sha256:470ed0e040e879e2da4af1b2c8f94e199f6135852a8107858d5ae0a95365835f,3041
    pantry-tree:
      size: 652
      sha256: 9eb62fea28548dc8a0f60fd47c12843092b78b24ed771b8ad63a0bb34dba8bc4
  original:
    hackage: contravariant-1.5.5@sha256:470ed0e040e879e2da4af1b2c8f94e199f6135852a8107858d5ae0a95365835f,3041
- completed:
    hackage: show-combinators-0.2.0.0@sha256:5d7a36c6383c9eff1dc15970da3206a05b50c2d1e93155970ffcf240eaa57d58,1277
    pantry-tree:
      size: 382
      sha256: 116e496f1bd7e5400e0c599c21a2a2c9901561339311a4d2ca65d77ec2300b08
  original:
    hackage: show-combinators-0.2.0.0@sha256:5d7a36c6383c9eff1dc15970da3206a05b50c2d1e93155970ffcf240eaa57d58,1277
- completed:
    hackage: StateVar-1.2.2@sha256:3c022c00485fe165e3080d5da6b3ca9c9b02f62c5deebc584d1b3d1309ce673e,1673
    pantry-tree:
      size: 314
      sha256: 204cac98219e99334f47b12c565945611748ea03a4d629273dd697d738bcfd7f
  original:
    hackage: StateVar-1.2.2@sha256:3c022c00485fe165e3080d5da6b3ca9c9b02f62c5deebc584d1b3d1309ce673e,1673
snapshots: []
